// !$*UTF8*$!
{
	archiveVersion = 1;
	classes = {
	};
	objectVersion = 55;
	objects = {

/* Begin PBXBuildFile section */
		49467722288FD48700759610 /* GitHubActionApp.swift in Sources */ = {isa = PBXBuildFile; fileRef = 49467721288FD48700759610 /* GitHubActionApp.swift */; };
		49467724288FD48700759610 /* ContentView.swift in Sources */ = {isa = PBXBuildFile; fileRef = 49467723288FD48700759610 /* ContentView.swift */; };
		49467726288FD48A00759610 /* Assets.xcassets in Resources */ = {isa = PBXBuildFile; fileRef = 49467725288FD48A00759610 /* Assets.xcassets */; };
		49467729288FD48A00759610 /* Preview Assets.xcassets in Resources */ = {isa = PBXBuildFile; fileRef = 49467728288FD48A00759610 /* Preview Assets.xcassets */; };
		49467734288FD48A00759610 /* GitHubActionTests.swift in Sources */ = {isa = PBXBuildFile; fileRef = 49467733288FD48A00759610 /* GitHubActionTests.swift */; };
		4946774D288FD58200759610 /* Grade.swift in Sources */ = {isa = PBXBuildFile; fileRef = 4946774C288FD58200759610 /* Grade.swift */; };
/* End PBXBuildFile section */

/* Begin PBXContainerItemProxy section */
		49467730288FD48A00759610 /* PBXContainerItemProxy */ = {
			isa = PBXContainerItemProxy;
			containerPortal = 49467716288FD48700759610 /* Project object */;
			proxyType = 1;
			remoteGlobalIDString = 4946771D288FD48700759610;
			remoteInfo = GitHubAction;
		};
/* End PBXContainerItemProxy section */

/* Begin PBXFileReference section */
		4946771E288FD48700759610 /* GitHubAction.app */ = {isa = PBXFileReference; explicitFileType = wrapper.application; includeInIndex = 0; path = GitHubAction.app; sourceTree = BUILT_PRODUCTS_DIR; };
		49467721288FD48700759610 /* GitHubActionApp.swift */ = {isa = PBXFileReference; lastKnownFileType = sourcecode.swift; path = GitHubActionApp.swift; sourceTree = "<group>"; };
		49467723288FD48700759610 /* ContentView.swift */ = {isa = PBXFileReference; lastKnownFileType = sourcecode.swift; path = ContentView.swift; sourceTree = "<group>"; };
		49467725288FD48A00759610 /* Assets.xcassets */ = {isa = PBXFileReference; lastKnownFileType = folder.assetcatalog; path = Assets.xcassets; sourceTree = "<group>"; };
		49467728288FD48A00759610 /* Preview Assets.xcassets */ = {isa = PBXFileReference; lastKnownFileType = folder.assetcatalog; path = "Preview Assets.xcassets"; sourceTree = "<group>"; };
		4946772A288FD48A00759610 /* GitHubAction.entitlements */ = {isa = PBXFileReference; lastKnownFileType = text.plist.entitlements; path = GitHubAction.entitlements; sourceTree = "<group>"; };
		4946772F288FD48A00759610 /* GitHubActionTests.xctest */ = {isa = PBXFileReference; explicitFileType = wrapper.cfbundle; includeInIndex = 0; path = GitHubActionTests.xctest; sourceTree = BUILT_PRODUCTS_DIR; };
		49467733288FD48A00759610 /* GitHubActionTests.swift */ = {isa = PBXFileReference; lastKnownFileType = sourcecode.swift; path = GitHubActionTests.swift; sourceTree = "<group>"; };
		4946774C288FD58200759610 /* Grade.swift */ = {isa = PBXFileReference; lastKnownFileType = sourcecode.swift; path = Grade.swift; sourceTree = "<group>"; };
/* End PBXFileReference section */

/* Begin PBXFrameworksBuildPhase section */
		4946771B288FD48700759610 /* Frameworks */ = {
			isa = PBXFrameworksBuildPhase;
			buildActionMask = 2147483647;
			files = (
			);
			runOnlyForDeploymentPostprocessing = 0;
		};
		4946772C288FD48A00759610 /* Frameworks */ = {
			isa = PBXFrameworksBuildPhase;
			buildActionMask = 2147483647;
			files = (
			);
			runOnlyForDeploymentPostprocessing = 0;
		};
/* End PBXFrameworksBuildPhase section */

/* Begin PBXGroup section */
		49467715288FD48700759610 = {
			isa = PBXGroup;
			children = (
				49467720288FD48700759610 /* GitHubAction */,
				49467732288FD48A00759610 /* GitHubActionTests */,
				4946771F288FD48700759610 /* Products */,
			);
			sourceTree = "<group>";
		};
		4946771F288FD48700759610 /* Products */ = {
			isa = PBXGroup;
			children = (
				4946771E288FD48700759610 /* GitHubAction.app */,
				4946772F288FD48A00759610 /* GitHubActionTests.xctest */,
			);
			name = Products;
			sourceTree = "<group>";
		};
		49467720288FD48700759610 /* GitHubAction */ = {
			isa = PBXGroup;
			children = (
				49467721288FD48700759610 /* GitHubActionApp.swift */,
				49467723288FD48700759610 /* ContentView.swift */,
				49467725288FD48A00759610 /* Assets.xcassets */,
				4946772A288FD48A00759610 /* GitHubAction.entitlements */,
				49467727288FD48A00759610 /* Preview Content */,
				4946774C288FD58200759610 /* Grade.swift */,
			);
			path = GitHubAction;
			sourceTree = "<group>";
		};
		49467727288FD48A00759610 /* Preview Content */ = {
			isa = PBXGroup;
			children = (
				49467728288FD48A00759610 /* Preview Assets.xcassets */,
			);
			path = "Preview Content";
			sourceTree = "<group>";
		};
		49467732288FD48A00759610 /* GitHubActionTests */ = {
			isa = PBXGroup;
			children = (
				49467733288FD48A00759610 /* GitHubActionTests.swift */,
			);
			path = GitHubActionTests;
			sourceTree = "<group>";
		};
/* End PBXGroup section */

/* Begin PBXNativeTarget section */
		4946771D288FD48700759610 /* GitHubAction */ = {
			isa = PBXNativeTarget;
			buildConfigurationList = 49467743288FD48A00759610 /* Build configuration list for PBXNativeTarget "GitHubAction" */;
			buildPhases = (
				4946771A288FD48700759610 /* Sources */,
				4946771B288FD48700759610 /* Frameworks */,
				4946771C288FD48700759610 /* Resources */,
			);
			buildRules = (
			);
			dependencies = (
			);
			name = GitHubAction;
			productName = GitHubAction;
			productReference = 4946771E288FD48700759610 /* GitHubAction.app */;
			productType = "com.apple.product-type.application";
		};
		4946772E288FD48A00759610 /* GitHubActionTests */ = {
			isa = PBXNativeTarget;
			buildConfigurationList = 49467746288FD48A00759610 /* Build configuration list for PBXNativeTarget "GitHubActionTests" */;
			buildPhases = (
				4946772B288FD48A00759610 /* Sources */,
				4946772C288FD48A00759610 /* Frameworks */,
				4946772D288FD48A00759610 /* Resources */,
			);
			buildRules = (
			);
			dependencies = (
				49467731288FD48A00759610 /* PBXTargetDependency */,
			);
			name = GitHubActionTests;
			productName = GitHubActionTests;
			productReference = 4946772F288FD48A00759610 /* GitHubActionTests.xctest */;
			productType = "com.apple.product-type.bundle.unit-test";
		};
/* End PBXNativeTarget section */

/* Begin PBXProject section */
		49467716288FD48700759610 /* Project object */ = {
			isa = PBXProject;
			attributes = {
				BuildIndependentTargetsInParallel = 1;
				LastSwiftUpdateCheck = 1340;
				LastUpgradeCheck = 1340;
				TargetAttributes = {
					4946771D288FD48700759610 = {
						CreatedOnToolsVersion = 13.4.1;
					};
					4946772E288FD48A00759610 = {
						CreatedOnToolsVersion = 13.4.1;
						TestTargetID = 4946771D288FD48700759610;
					};
				};
			};
			buildConfigurationList = 49467719288FD48700759610 /* Build configuration list for PBXProject "GitHubAction" */;
			compatibilityVersion = "Xcode 13.0";
			developmentRegion = en;
			hasScannedForEncodings = 0;
			knownRegions = (
				en,
				Base,
			);
			mainGroup = 49467715288FD48700759610;
			productRefGroup = 4946771F288FD48700759610 /* Products */;
			projectDirPath = "";
			projectRoot = "";
			targets = (
				4946771D288FD48700759610 /* GitHubAction */,
				4946772E288FD48A00759610 /* GitHubActionTests */,
			);
		};
/* End PBXProject section */

/* Begin PBXResourcesBuildPhase section */
		4946771C288FD48700759610 /* Resources */ = {
			isa = PBXResourcesBuildPhase;
			buildActionMask = 2147483647;
			files = (
				49467729288FD48A00759610 /* Preview Assets.xcassets in Resources */,
				49467726288FD48A00759610 /* Assets.xcassets in Resources */,
			);
			runOnlyForDeploymentPostprocessing = 0;
		};
		4946772D288FD48A00759610 /* Resources */ = {
			isa = PBXResourcesBuildPhase;
			buildActionMask = 2147483647;
			files = (
			);
			runOnlyForDeploymentPostprocessing = 0;
		};
/* End PBXResourcesBuildPhase section */

/* Begin PBXSourcesBuildPhase section */
		4946771A288FD48700759610 /* Sources */ = {
			isa = PBXSourcesBuildPhase;
			buildActionMask = 2147483647;
			files = (
				49467724288FD48700759610 /* ContentView.swift in Sources */,
				49467722288FD48700759610 /* GitHubActionApp.swift in Sources */,
				4946774D288FD58200759610 /* Grade.swift in Sources */,
			);
			runOnlyForDeploymentPostprocessing = 0;
		};
		4946772B288FD48A00759610 /* Sources */ = {
			isa = PBXSourcesBuildPhase;
			buildActionMask = 2147483647;
			files = (
				49467734288FD48A00759610 /* GitHubActionTests.swift in Sources */,
			);
			runOnlyForDeploymentPostprocessing = 0;
		};
/* End PBXSourcesBuildPhase section */

/* Begin PBXTargetDependency section */
		49467731288FD48A00759610 /* PBXTargetDependency */ = {
			isa = PBXTargetDependency;
			target = 4946771D288FD48700759610 /* GitHubAction */;
			targetProxy = 49467730288FD48A00759610 /* PBXContainerItemProxy */;
		};
/* End PBXTargetDependency section */

/* Begin XCBuildConfiguration section */
		49467741288FD48A00759610 /* Debug */ = {
			isa = XCBuildConfiguration;
			buildSettings = {
				ALWAYS_SEARCH_USER_PATHS = NO;
				CLANG_ANALYZER_NONNULL = YES;
				CLANG_ANALYZER_NUMBER_OBJECT_CONVERSION = YES_AGGRESSIVE;
				CLANG_CXX_LANGUAGE_STANDARD = "gnu++17";
				CLANG_ENABLE_MODULES = YES;
				CLANG_ENABLE_OBJC_ARC = YES;
				CLANG_ENABLE_OBJC_WEAK = YES;
				CLANG_WARN_BLOCK_CAPTURE_AUTORELEASING = YES;
				CLANG_WARN_BOOL_CONVERSION = YES;
				CLANG_WARN_COMMA = YES;
				CLANG_WARN_CONSTANT_CONVERSION = YES;
				CLANG_WARN_DEPRECATED_OBJC_IMPLEMENTATIONS = YES;
				CLANG_WARN_DIRECT_OBJC_ISA_USAGE = YES_ERROR;
				CLANG_WARN_DOCUMENTATION_COMMENTS = YES;
				CLANG_WARN_EMPTY_BODY = YES;
				CLANG_WARN_ENUM_CONVERSION = YES;
				CLANG_WARN_INFINITE_RECURSION = YES;
				CLANG_WARN_INT_CONVERSION = YES;
				CLANG_WARN_NON_LITERAL_NULL_CONVERSION = YES;
				CLANG_WARN_OBJC_IMPLICIT_RETAIN_SELF = YES;
				CLANG_WARN_OBJC_LITERAL_CONVERSION = YES;
				CLANG_WARN_OBJC_ROOT_CLASS = YES_ERROR;
				CLANG_WARN_QUOTED_INCLUDE_IN_FRAMEWORK_HEADER = YES;
				CLANG_WARN_RANGE_LOOP_ANALYSIS = YES;
				CLANG_WARN_STRICT_PROTOTYPES = YES;
				CLANG_WARN_SUSPICIOUS_MOVE = YES;
				CLANG_WARN_UNGUARDED_AVAILABILITY = YES_AGGRESSIVE;
				CLANG_WARN_UNREACHABLE_CODE = YES;
				CLANG_WARN__DUPLICATE_METHOD_MATCH = YES;
				COPY_PHASE_STRIP = NO;
				DEBUG_INFORMATION_FORMAT = dwarf;
				ENABLE_STRICT_OBJC_MSGSEND = YES;
				ENABLE_TESTABILITY = YES;
				GCC_C_LANGUAGE_STANDARD = gnu11;
				GCC_DYNAMIC_NO_PIC = NO;
				GCC_NO_COMMON_BLOCKS = YES;
				GCC_OPTIMIZATION_LEVEL = 0;
				GCC_PREPROCESSOR_DEFINITIONS = (
					"DEBUG=1",
					"$(inherited)",
				);
				GCC_WARN_64_TO_32_BIT_CONVERSION = YES;
				GCC_WARN_ABOUT_RETURN_TYPE = YES_ERROR;
				GCC_WARN_UNDECLARED_SELECTOR = YES;
				GCC_WARN_UNINITIALIZED_AUTOS = YES_AGGRESSIVE;
				GCC_WARN_UNUSED_FUNCTION = YES;
				GCC_WARN_UNUSED_VARIABLE = YES;
				MACOSX_DEPLOYMENT_TARGET = 11.5;
				MTL_ENABLE_DEBUG_INFO = INCLUDE_SOURCE;
				MTL_FAST_MATH = YES;
				ONLY_ACTIVE_ARCH = YES;
				SDKROOT = macosx;
				SWIFT_ACTIVE_COMPILATION_CONDITIONS = DEBUG;
				SWIFT_OPTIMIZATION_LEVEL = "-Onone";
			};
			name = Debug;
		};
		49467742288FD48A00759610 /* Release */ = {
			isa = XCBuildConfiguration;
			buildSettings = {
				ALWAYS_SEARCH_USER_PATHS = NO;
				CLANG_ANALYZER_NONNULL = YES;
				CLANG_ANALYZER_NUMBER_OBJECT_CONVERSION = YES_AGGRESSIVE;
				CLANG_CXX_LANGUAGE_STANDARD = "gnu++17";
				CLANG_ENABLE_MODULES = YES;
				CLANG_ENABLE_OBJC_ARC = YES;
				CLANG_ENABLE_OBJC_WEAK = YES;
				CLANG_WARN_BLOCK_CAPTURE_AUTORELEASING = YES;
				CLANG_WARN_BOOL_CONVERSION = YES;
				CLANG_WARN_COMMA = YES;
				CLANG_WARN_CONSTANT_CONVERSION = YES;
				CLANG_WARN_DEPRECATED_OBJC_IMPLEMENTATIONS = YES;
				CLANG_WARN_DIRECT_OBJC_ISA_USAGE = YES_ERROR;
				CLANG_WARN_DOCUMENTATION_COMMENTS = YES;
				CLANG_WARN_EMPTY_BODY = YES;
				CLANG_WARN_ENUM_CONVERSION = YES;
				CLANG_WARN_INFINITE_RECURSION = YES;
				CLANG_WARN_INT_CONVERSION = YES;
				CLANG_WARN_NON_LITERAL_NULL_CONVERSION = YES;
				CLANG_WARN_OBJC_IMPLICIT_RETAIN_SELF = YES;
				CLANG_WARN_OBJC_LITERAL_CONVERSION = YES;
				CLANG_WARN_OBJC_ROOT_CLASS = YES_ERROR;
				CLANG_WARN_QUOTED_INCLUDE_IN_FRAMEWORK_HEADER = YES;
				CLANG_WARN_RANGE_LOOP_ANALYSIS = YES;
				CLANG_WARN_STRICT_PROTOTYPES = YES;
				CLANG_WARN_SUSPICIOUS_MOVE = YES;
				CLANG_WARN_UNGUARDED_AVAILABILITY = YES_AGGRESSIVE;
				CLANG_WARN_UNREACHABLE_CODE = YES;
				CLANG_WARN__DUPLICATE_METHOD_MATCH = YES;
				COPY_PHASE_STRIP = NO;
				DEBUG_INFORMATION_FORMAT = "dwarf-with-dsym";
				ENABLE_NS_ASSERTIONS = NO;
				ENABLE_STRICT_OBJC_MSGSEND = YES;
				GCC_C_LANGUAGE_STANDARD = gnu11;
				GCC_NO_COMMON_BLOCKS = YES;
				GCC_WARN_64_TO_32_BIT_CONVERSION = YES;
				GCC_WARN_ABOUT_RETURN_TYPE = YES_ERROR;
				GCC_WARN_UNDECLARED_SELECTOR = YES;
				GCC_WARN_UNINITIALIZED_AUTOS = YES_AGGRESSIVE;
				GCC_WARN_UNUSED_FUNCTION = YES;
				GCC_WARN_UNUSED_VARIABLE = YES;
				MACOSX_DEPLOYMENT_TARGET = 11.5;
				MTL_ENABLE_DEBUG_INFO = NO;
				MTL_FAST_MATH = YES;
				SDKROOT = macosx;
				SWIFT_COMPILATION_MODE = wholemodule;
				SWIFT_OPTIMIZATION_LEVEL = "-O";
			};
			name = Release;
		};
		49467744288FD48A00759610 /* Debug */ = {
			isa = XCBuildConfiguration;
			buildSettings = {
				ASSETCATALOG_COMPILER_APPICON_NAME = AppIcon;
				ASSETCATALOG_COMPILER_GLOBAL_ACCENT_COLOR_NAME = AccentColor;
				CODE_SIGN_ENTITLEMENTS = GitHubAction/GitHubAction.entitlements;
				CODE_SIGN_STYLE = Automatic;
				COMBINE_HIDPI_IMAGES = YES;
				CURRENT_PROJECT_VERSION = 1;
				DEVELOPMENT_ASSET_PATHS = "\"GitHubAction/Preview Content\"";
				DEVELOPMENT_TEAM = 4EBHAWZG4P;
				ENABLE_HARDENED_RUNTIME = YES;
				ENABLE_PREVIEWS = YES;
				GENERATE_INFOPLIST_FILE = YES;
				INFOPLIST_KEY_NSHumanReadableCopyright = "";
				LD_RUNPATH_SEARCH_PATHS = (
					"$(inherited)",
					"@executable_path/../Frameworks",
				);
				MARKETING_VERSION = 1.0;
				PRODUCT_BUNDLE_IDENTIFIER = se.nilsask.GitHubAction;
				PRODUCT_NAME = "$(TARGET_NAME)";
				SWIFT_EMIT_LOC_STRINGS = YES;
				SWIFT_VERSION = 5.0;
			};
			name = Debug;
		};
		49467745288FD48A00759610 /* Release */ = {
			isa = XCBuildConfiguration;
			buildSettings = {
				ASSETCATALOG_COMPILER_APPICON_NAME = AppIcon;
				ASSETCATALOG_COMPILER_GLOBAL_ACCENT_COLOR_NAME = AccentColor;
				CODE_SIGN_ENTITLEMENTS = GitHubAction/GitHubAction.entitlements;
				CODE_SIGN_STYLE = Automatic;
				COMBINE_HIDPI_IMAGES = YES;
				CURRENT_PROJECT_VERSION = 1;
				DEVELOPMENT_ASSET_PATHS = "\"GitHubAction/Preview Content\"";
				DEVELOPMENT_TEAM = 4EBHAWZG4P;
				ENABLE_HARDENED_RUNTIME = YES;
				ENABLE_PREVIEWS = YES;
				GENERATE_INFOPLIST_FILE = YES;
				INFOPLIST_KEY_NSHumanReadableCopyright = "";
				LD_RUNPATH_SEARCH_PATHS = (
					"$(inherited)",
					"@executable_path/../Frameworks",
				);
				MARKETING_VERSION = 1.0;
				PRODUCT_BUNDLE_IDENTIFIER = se.nilsask.GitHubAction;
				PRODUCT_NAME = "$(TARGET_NAME)";
				SWIFT_EMIT_LOC_STRINGS = YES;
				SWIFT_VERSION = 5.0;
			};
			name = Release;
		};
		49467747288FD48A00759610 /* Debug */ = {
			isa = XCBuildConfiguration;
			buildSettings = {
				ALWAYS_EMBED_SWIFT_STANDARD_LIBRARIES = YES;
				BUNDLE_LOADER = "$(TEST_HOST)";
				CODE_SIGN_STYLE = Automatic;
				CURRENT_PROJECT_VERSION = 1;
				DEVELOPMENT_TEAM = 4EBHAWZG4P;
				GENERATE_INFOPLIST_FILE = YES;
				MACOSX_DEPLOYMENT_TARGET = 11.5;
				MARKETING_VERSION = 1.0;
				PRODUCT_BUNDLE_IDENTIFIER = se.nilsask.GitHubActionTests;
				PRODUCT_NAME = "$(TARGET_NAME)";
				SWIFT_EMIT_LOC_STRINGS = NO;
				SWIFT_VERSION = 5.0;
				TEST_HOST = "$(BUILT_PRODUCTS_DIR)/GitHubAction.app/Contents/MacOS/GitHubAction";
			};
			name = Debug;
		};
		49467748288FD48A00759610 /* Release */ = {
			isa = XCBuildConfiguration;
			buildSettings = {
				ALWAYS_EMBED_SWIFT_STANDARD_LIBRARIES = YES;
				BUNDLE_LOADER = "$(TEST_HOST)";
				CODE_SIGN_STYLE = Automatic;
				CURRENT_PROJECT_VERSION = 1;
				DEVELOPMENT_TEAM = 4EBHAWZG4P;
				GENERATE_INFOPLIST_FILE = YES;
				MACOSX_DEPLOYMENT_TARGET = 11.5;
				MARKETING_VERSION = 1.0;
				PRODUCT_BUNDLE_IDENTIFIER = se.nilsask.GitHubActionTests;
				PRODUCT_NAME = "$(TARGET_NAME)";
				SWIFT_EMIT_LOC_STRINGS = NO;
				SWIFT_VERSION = 5.0;
				TEST_HOST = "$(BUILT_PRODUCTS_DIR)/GitHubAction.app/Contents/MacOS/GitHubAction";
			};
			name = Release;
		};
/* End XCBuildConfiguration section */

/* Begin XCConfigurationList section */
		49467719288FD48700759610 /* Build configuration list for PBXProject "GitHubAction" */ = {
			isa = XCConfigurationList;
			buildConfigurations = (
				49467741288FD48A00759610 /* Debug */,
				49467742288FD48A00759610 /* Release */,
			);
			defaultConfigurationIsVisible = 0;
			defaultConfigurationName = Release;
		};
		49467743288FD48A00759610 /* Build configuration list for PBXNativeTarget "GitHubAction" */ = {
			isa = XCConfigurationList;
			buildConfigurations = (
				49467744288FD48A00759610 /* Debug */,
				49467745288FD48A00759610 /* Release */,
			);
			defaultConfigurationIsVisible = 0;
			defaultConfigurationName = Release;
		};
		49467746288FD48A00759610 /* Build configuration list for PBXNativeTarget "GitHubActionTests" */ = {
			isa = XCConfigurationList;
			buildConfigurations = (
				49467747288FD48A00759610 /* Debug */,
				49467748288FD48A00759610 /* Release */,
			);
			defaultConfigurationIsVisible = 0;
			defaultConfigurationName = Release;
		};
/* End XCConfigurationList section */
	};
	rootObject = 49467716288FD48700759610 /* Project object */;
}
